// !$*UTF8*$!
{
	archiveVersion = 1;
	classes = {
	};
	objectVersion = 46;
	objects = {

/* Begin PBXBuildFile section */
		5E3A29771DA8266A0086E61B /* main.cpp in Sources */ = {isa = PBXBuildFile; fileRef = 5E3A29761DA8266A0086E61B /* main.cpp */; };
		5E3A297E1DA826870086E61B /* OpenGL.framework in Frameworks */ = {isa = PBXBuildFile; fileRef = 5E3A297D1DA826870086E61B /* OpenGL.framework */; };
		5E3A29911DA831B90086E61B /* Entities.cpp in Sources */ = {isa = PBXBuildFile; fileRef = 5E3A298E1DA831B90086E61B /* Entities.cpp */; };
		5E3A29921DA831B90086E61B /* Matrix.cpp in Sources */ = {isa = PBXBuildFile; fileRef = 5E3A298F1DA831B90086E61B /* Matrix.cpp */; };
		5E3A29931DA831B90086E61B /* Shader.cpp in Sources */ = {isa = PBXBuildFile; fileRef = 5E3A29901DA831B90086E61B /* Shader.cpp */; };
		5E3A29971DA9B4650086E61B /* SDL2_image.framework in Frameworks */ = {isa = PBXBuildFile; fileRef = 5E3A29941DA9B4650086E61B /* SDL2_image.framework */; };
		5E3A29981DA9B4650086E61B /* SDL2_mixer.framework in Frameworks */ = {isa = PBXBuildFile; fileRef = 5E3A29951DA9B4650086E61B /* SDL2_mixer.framework */; };
		5E3A29991DA9B4650086E61B /* SDL2.framework in Frameworks */ = {isa = PBXBuildFile; fileRef = 5E3A29961DA9B4650086E61B /* SDL2.framework */; };
/* End PBXBuildFile section */

/* Begin PBXCopyFilesBuildPhase section */
		5E3A29711DA8266A0086E61B /* CopyFiles */ = {
			isa = PBXCopyFilesBuildPhase;
			buildActionMask = 2147483647;
			dstPath = /usr/share/man/man1/;
			dstSubfolderSpec = 0;
			files = (
			);
			runOnlyForDeploymentPostprocessing = 1;
		};
/* End PBXCopyFilesBuildPhase section */

/* Begin PBXFileReference section */
		5E3A29731DA8266A0086E61B /* Ping Pong 2 */ = {isa = PBXFileReference; explicitFileType = "compiled.mach-o.executable"; includeInIndex = 0; path = "Ping Pong 2"; sourceTree = BUILT_PRODUCTS_DIR; };
		5E3A29761DA8266A0086E61B /* main.cpp */ = {isa = PBXFileReference; lastKnownFileType = sourcecode.cpp.cpp; path = main.cpp; sourceTree = "<group>"; };
		5E3A297D1DA826870086E61B /* OpenGL.framework */ = {isa = PBXFileReference; lastKnownFileType = wrapper.framework; name = OpenGL.framework; path = System/Library/Frameworks/OpenGL.framework; sourceTree = SDKROOT; };
		5E3A29851DA826DB0086E61B /* includes */ = {isa = PBXFileReference; lastKnownFileType = folder; path = includes; sourceTree = "<group>"; };
		5E3A29861DA826DB0086E61B /* shaders */ = {isa = PBXFileReference; lastKnownFileType = folder; path = shaders; sourceTree = "<group>"; };
		5E3A29871DA8270B0086E61B /* main.h */ = {isa = PBXFileReference; lastKnownFileType = sourcecode.c.h; path = main.h; sourceTree = "<group>"; };
		5E3A298E1DA831B90086E61B /* Entities.cpp */ = {isa = PBXFileReference; lastKnownFileType = sourcecode.cpp.cpp; name = Entities.cpp; path = "Ping Pong 2/includes/Entities.cpp"; sourceTree = "<group>"; };
		5E3A298F1DA831B90086E61B /* Matrix.cpp */ = {isa = PBXFileReference; lastKnownFileType = sourcecode.cpp.cpp; name = Matrix.cpp; path = "Ping Pong 2/includes/Matrix.cpp"; sourceTree = "<group>"; };
		5E3A29901DA831B90086E61B /* Shader.cpp */ = {isa = PBXFileReference; lastKnownFileType = sourcecode.cpp.cpp; name = Shader.cpp; path = "Ping Pong 2/includes/Shader.cpp"; sourceTree = "<group>"; };
		5E3A29941DA9B4650086E61B /* SDL2_image.framework */ = {isa = PBXFileReference; lastKnownFileType = wrapper.framework; name = SDL2_image.framework; path = ../../../../../../../../Library/Frameworks/SDL2_image.framework; sourceTree = "<group>"; };
		5E3A29951DA9B4650086E61B /* SDL2_mixer.framework */ = {isa = PBXFileReference; lastKnownFileType = wrapper.framework; name = SDL2_mixer.framework; path = ../../../../../../../../Library/Frameworks/SDL2_mixer.framework; sourceTree = "<group>"; };
		5E3A29961DA9B4650086E61B /* SDL2.framework */ = {isa = PBXFileReference; lastKnownFileType = wrapper.framework; name = SDL2.framework; path = ../../../../../../../../Library/Frameworks/SDL2.framework; sourceTree = "<group>"; };
/* End PBXFileReference section */

/* Begin PBXFrameworksBuildPhase section */
		5E3A29701DA8266A0086E61B /* Frameworks */ = {
			isa = PBXFrameworksBuildPhase;
			buildActionMask = 2147483647;
			files = (
				5E3A29971DA9B4650086E61B /* SDL2_image.framework in Frameworks */,
				5E3A29981DA9B4650086E61B /* SDL2_mixer.framework in Frameworks */,
				5E3A29991DA9B4650086E61B /* SDL2.framework in Frameworks */,
				5E3A297E1DA826870086E61B /* OpenGL.framework in Frameworks */,
			);
			runOnlyForDeploymentPostprocessing = 0;
		};
/* End PBXFrameworksBuildPhase section */

/* Begin PBXGroup section */
		5E3A296A1DA8266A0086E61B = {
			isa = PBXGroup;
			children = (
				5E3A29941DA9B4650086E61B /* SDL2_image.framework */,
				5E3A29951DA9B4650086E61B /* SDL2_mixer.framework */,
				5E3A29961DA9B4650086E61B /* SDL2.framework */,
				5E3A298E1DA831B90086E61B /* Entities.cpp */,
				5E3A298F1DA831B90086E61B /* Matrix.cpp */,
				5E3A29901DA831B90086E61B /* Shader.cpp */,
				5E3A297D1DA826870086E61B /* OpenGL.framework */,
				5E3A29751DA8266A0086E61B /* Ping Pong 2 */,
				5E3A29741DA8266A0086E61B /* Products */,
			);
			sourceTree = "<group>";
		};
		5E3A29741DA8266A0086E61B /* Products */ = {
			isa = PBXGroup;
			children = (
				5E3A29731DA8266A0086E61B /* Ping Pong 2 */,
			);
			name = Products;
			sourceTree = "<group>";
		};
		5E3A29751DA8266A0086E61B /* Ping Pong 2 */ = {
			isa = PBXGroup;
			children = (
				5E3A29761DA8266A0086E61B /* main.cpp */,
				5E3A29871DA8270B0086E61B /* main.h */,
				5E3A29851DA826DB0086E61B /* includes */,
				5E3A29861DA826DB0086E61B /* shaders */,
			);
			path = "Ping Pong 2";
			sourceTree = "<group>";
		};
/* End PBXGroup section */

/* Begin PBXNativeTarget section */
		5E3A29721DA8266A0086E61B /* Ping Pong 2 */ = {
			isa = PBXNativeTarget;
			buildConfigurationList = 5E3A297A1DA8266A0086E61B /* Build configuration list for PBXNativeTarget "Ping Pong 2" */;
			buildPhases = (
				5E3A296F1DA8266A0086E61B /* Sources */,
				5E3A29701DA8266A0086E61B /* Frameworks */,
				5E3A29711DA8266A0086E61B /* CopyFiles */,
			);
			buildRules = (
			);
			dependencies = (
			);
			name = "Ping Pong 2";
			productName = "Ping Pong 2";
			productReference = 5E3A29731DA8266A0086E61B /* Ping Pong 2 */;
			productType = "com.apple.product-type.tool";
		};
/* End PBXNativeTarget section */

/* Begin PBXProject section */
		5E3A296B1DA8266A0086E61B /* Project object */ = {
			isa = PBXProject;
			attributes = {
				LastUpgradeCheck = 0730;
				ORGANIZATIONNAME = "Hassani Senior";
				TargetAttributes = {
					5E3A29721DA8266A0086E61B = {
						CreatedOnToolsVersion = 7.3;
					};
				};
			};
			buildConfigurationList = 5E3A296E1DA8266A0086E61B /* Build configuration list for PBXProject "Ping Pong 2" */;
			compatibilityVersion = "Xcode 3.2";
			developmentRegion = English;
			hasScannedForEncodings = 0;
			knownRegions = (
				en,
			);
			mainGroup = 5E3A296A1DA8266A0086E61B;
			productRefGroup = 5E3A29741DA8266A0086E61B /* Products */;
			projectDirPath = "";
			projectRoot = "";
			targets = (
				5E3A29721DA8266A0086E61B /* Ping Pong 2 */,
			);
		};
/* End PBXProject section */

/* Begin PBXSourcesBuildPhase section */
		5E3A296F1DA8266A0086E61B /* Sources */ = {
			isa = PBXSourcesBuildPhase;
			buildActionMask = 2147483647;
			files = (
				5E3A29911DA831B90086E61B /* Entities.cpp in Sources */,
				5E3A29921DA831B90086E61B /* Matrix.cpp in Sources */,
				5E3A29931DA831B90086E61B /* Shader.cpp in Sources */,
				5E3A29771DA8266A0086E61B /* main.cpp in Sources */,
			);
			runOnlyForDeploymentPostprocessing = 0;
		};
/* End PBXSourcesBuildPhase section */

/* Begin XCBuildConfiguration section */
		5E3A29781DA8266A0086E61B /* Debug */ = {
			isa = XCBuildConfiguration;
			buildSettings = {
				ALWAYS_SEARCH_USER_PATHS = NO;
				CLANG_ANALYZER_NONNULL = YES;
				CLANG_CXX_LANGUAGE_STANDARD = "gnu++0x";
				CLANG_CXX_LIBRARY = "libc++";
				CLANG_ENABLE_MODULES = YES;
				CLANG_ENABLE_OBJC_ARC = YES;
				CLANG_WARN_BOOL_CONVERSION = YES;
				CLANG_WARN_CONSTANT_CONVERSION = YES;
				CLANG_WARN_DIRECT_OBJC_ISA_USAGE = YES_ERROR;
				CLANG_WARN_EMPTY_BODY = YES;
				CLANG_WARN_ENUM_CONVERSION = YES;
				CLANG_WARN_INT_CONVERSION = YES;
				CLANG_WARN_OBJC_ROOT_CLASS = YES_ERROR;
				CLANG_WARN_UNREACHABLE_CODE = YES;
				CLANG_WARN__DUPLICATE_METHOD_MATCH = YES;
				CODE_SIGN_IDENTITY = "-";
				COPY_PHASE_STRIP = NO;
				DEBUG_INFORMATION_FORMAT = dwarf;
				ENABLE_STRICT_OBJC_MSGSEND = YES;
				ENABLE_TESTABILITY = YES;
				GCC_C_LANGUAGE_STANDARD = gnu99;
				GCC_DYNAMIC_NO_PIC = NO;
				GCC_NO_COMMON_BLOCKS = YES;
				GCC_OPTIMIZATION_LEVEL = 0;
				GCC_PREPROCESSOR_DEFINITIONS = (
					"DEBUG=1",
					"$(inherited)",
				);
				GCC_WARN_64_TO_32_BIT_CONVERSION = YES;
				GCC_WARN_ABOUT_RETURN_TYPE = YES_ERROR;
				GCC_WARN_UNDECLARED_SELECTOR = YES;
				GCC_WARN_UNINITIALIZED_AUTOS = YES_AGGRESSIVE;
				GCC_WARN_UNUSED_FUNCTION = YES;
				GCC_WARN_UNUSED_VARIABLE = YES;
				MACOSX_DEPLOYMENT_TARGET = 10.11;
				MTL_ENABLE_DEBUG_INFO = YES;
				ONLY_ACTIVE_ARCH = YES;
				SDKROOT = macosx;
			};
			name = Debug;
		};
		5E3A29791DA8266A0086E61B /* Release */ = {
			isa = XCBuildConfiguration;
			buildSettings = {
				ALWAYS_SEARCH_USER_PATHS = NO;
				CLANG_ANALYZER_NONNULL = YES;
				CLANG_CXX_LANGUAGE_STANDARD = "gnu++0x";
				CLANG_CXX_LIBRARY = "libc++";
				CLANG_ENABLE_MODULES = YES;
				CLANG_ENABLE_OBJC_ARC = YES;
				CLANG_WARN_BOOL_CONVERSION = YES;
				CLANG_WARN_CONSTANT_CONVERSION = YES;
				CLANG_WARN_DIRECT_OBJC_ISA_USAGE = YES_ERROR;
				CLANG_WARN_EMPTY_BODY = YES;
				CLANG_WARN_ENUM_CONVERSION = YES;
				CLANG_WARN_INT_CONVERSION = YES;
				CLANG_WARN_OBJC_ROOT_CLASS = YES_ERROR;
				CLANG_WARN_UNREACHABLE_CODE = YES;
				CLANG_WARN__DUPLICATE_METHOD_MATCH = YES;
				CODE_SIGN_IDENTITY = "-";
				COPY_PHASE_STRIP = NO;
				DEBUG_INFORMATION_FORMAT = "dwarf-with-dsym";
				ENABLE_NS_ASSERTIONS = NO;
				ENABLE_STRICT_OBJC_MSGSEND = YES;
				GCC_C_LANGUAGE_STANDARD = gnu99;
				GCC_NO_COMMON_BLOCKS = YES;
				GCC_WARN_64_TO_32_BIT_CONVERSION = YES;
				GCC_WARN_ABOUT_RETURN_TYPE = YES_ERROR;
				GCC_WARN_UNDECLARED_SELECTOR = YES;
				GCC_WARN_UNINITIALIZED_AUTOS = YES_AGGRESSIVE;
				GCC_WARN_UNUSED_FUNCTION = YES;
				GCC_WARN_UNUSED_VARIABLE = YES;
				MACOSX_DEPLOYMENT_TARGET = 10.11;
				MTL_ENABLE_DEBUG_INFO = NO;
				SDKROOT = macosx;
			};
			name = Release;
		};
		5E3A297B1DA8266A0086E61B /* Debug */ = {
			isa = XCBuildConfiguration;
			buildSettings = {
				FRAMEWORK_SEARCH_PATHS = (
					"$(inherited)",
					"$(LOCAL_LIBRARY_DIR)/Frameworks",
				);
				PRODUCT_NAME = "$(TARGET_NAME)";
			};
			name = Debug;
		};
		5E3A297C1DA8266A0086E61B /* Release */ = {
			isa = XCBuildConfiguration;
			buildSettings = {
				FRAMEWORK_SEARCH_PATHS = (
					"$(inherited)",
					"$(LOCAL_LIBRARY_DIR)/Frameworks",
				);
				PRODUCT_NAME = "$(TARGET_NAME)";
			};
			name = Release;
		};
/* End XCBuildConfiguration section */

/* Begin XCConfigurationList section */
		5E3A296E1DA8266A0086E61B /* Build configuration list for PBXProject "Ping Pong 2" */ = {
			isa = XCConfigurationList;
			buildConfigurations = (
				5E3A29781DA8266A0086E61B /* Debug */,
				5E3A29791DA8266A0086E61B /* Release */,
			);
			defaultConfigurationIsVisible = 0;
			defaultConfigurationName = Release;
		};
		5E3A297A1DA8266A0086E61B /* Build configuration list for PBXNativeTarget "Ping Pong 2" */ = {
			isa = XCConfigurationList;
			buildConfigurations = (
				5E3A297B1DA8266A0086E61B /* Debug */,
				5E3A297C1DA8266A0086E61B /* Release */,
			);
			defaultConfigurationIsVisible = 0;
			defaultConfigurationName = Release;
		};
/* End XCConfigurationList section */
	};
	rootObject = 5E3A296B1DA8266A0086E61B /* Project object */;
}
